
Microsoft Visual Studio Solution File, Format Version 12.00
# Visual Studio Version 17
VisualStudioVersion = 17.5.33530.505
MinimumVisualStudioVersion = 10.0.40219.1
Project("{FAE04EC0-301F-11D3-BF4B-00C04F79EFBC}") = "ejercico2_sem3", "ejercico2_sem3\ejercico2_sem3.csproj", "{8F1A0C49-8A1B-44A5-A16F-DFA6DEB0860F}"
EndProject
Global
	GlobalSection(SolutionConfigurationPlatforms) = preSolution
		Debug|Any CPU = Debug|Any CPU
		Release|Any CPU = Release|Any CPU
	EndGlobalSection
	GlobalSection(ProjectConfigurationPlatforms) = postSolution
		{8F1A0C49-8A1B-44A5-A16F-DFA6DEB0860F}.Debug|Any CPU.ActiveCfg = Debug|Any CPU
		{8F1A0C49-8A1B-44A5-A16F-DFA6DEB0860F}.Debug|Any CPU.Build.0 = Debug|Any CPU
		{8F1A0C49-8A1B-44A5-A16F-DFA6DEB0860F}.Release|Any CPU.ActiveCfg = Release|Any CPU
		{8F1A0C49-8A1B-44A5-A16F-DFA6DEB0860F}.Release|Any CPU.Build.0 = Release|Any CPU
	EndGlobalSection
	GlobalSection(SolutionProperties) = preSolution
		HideSolutionNode = FALSE
	EndGlobalSection
	GlobalSection(ExtensibilityGlobals) = postSolution
		SolutionGuid = {980CBB8B-6CB8-4F25-9130-572ACC2829B5}
	EndGlobalSection
EndGlobal
